PODS:
  - KingBase (0.0.5)
  - KingBaseCategory/NSDate+ (0.3.6)
  - KingBaseCategory/NSFileManager+ (0.3.6):
    - KingBaseCategory/NSDate+
  - MHToolMall (0.0.1):
    - MHToolMall/MHAVFormatShop (= 0.0.1)
    - MHToolMall/MHTopWindow (= 0.0.1)
  - MHToolMall/MHAVFormatShop (0.0.1):
    - KingBase (~> 0.0.5)
    - KingBaseCategory/NSDate+
    - KingBaseCategory/NSFileManager+
  - MHToolMall/MHTopWindow (0.0.1)

DEPENDENCIES:
  - MHToolMall (from `../`)

EXTERNAL SOURCES:
  MHToolMall:
    :path: ../

SPEC CHECKSUMS:
  KingBase: d228101663cf91943fa2af0caf1f7ce31502aee9
  KingBaseCategory: 740be21ede05872861c019979f0854ffac5cae8c
  MHToolMall: fa5d088e058a332e5a030ac2bdee3d9799e61233

PODFILE CHECKSUM: 876a2b4f63c126329777c65d593127ac5eb1a141

COCOAPODS: 1.1.1
