PODS:
  - KingBaseCategory/NSDate+ (0.3.6)
  - KingBaseCategory/NSFileManager+ (0.3.6):
    - KingBaseCategory/NSDate+
  - MHBaseConst (0.0.5)
  - MHToolMall (0.0.3):
    - MHToolMall/MHAVFormatShop (= 0.0.3)
    - MHToolMall/MHTopWindow (= 0.0.3)
  - MHToolMall/MHAVFormatShop (0.0.3):
    - KingBaseCategory/NSDate+
    - KingBaseCategory/NSFileManager+
    - MHBaseConst
  - MHToolMall/MHTopWindow (0.0.3)

DEPENDENCIES:
  - MHToolMall (from `../`)

EXTERNAL SOURCES:
  MHToolMall:
    :path: ../

SPEC CHECKSUMS:
  KingBaseCategory: 740be21ede05872861c019979f0854ffac5cae8c
  MHBaseConst: 3fcac0b58a2b3b3c81cf0380de3b0c6a775047e6
  MHToolMall: d61585dd0b83ecdeeffda752b1e851b0b0c80124

PODFILE CHECKSUM: 479965dfd23e4346b891cae5f5ad8161c4d70f33

COCOAPODS: 1.4.0
