// !$*UTF8*$!
{
	archiveVersion = 1;
	classes = {
	};
	objectVersion = 46;
	objects = {

/* Begin PBXBuildFile section */
		099369FC1F3AC0160028CB69 /* main.m in Sources */ = {isa = PBXBuildFile; fileRef = 099369FB1F3AC0160028CB69 /* main.m */; };
		099369FF1F3AC0160028CB69 /* AppDelegate.m in Sources */ = {isa = PBXBuildFile; fileRef = 099369FE1F3AC0160028CB69 /* AppDelegate.m */; };
		09936A021F3AC0160028CB69 /* ViewController.m in Sources */ = {isa = PBXBuildFile; fileRef = 09936A011F3AC0160028CB69 /* ViewController.m */; };
		09936A051F3AC0160028CB69 /* Main.storyboard in Resources */ = {isa = PBXBuildFile; fileRef = 09936A031F3AC0160028CB69 /* Main.storyboard */; };
		09936A071F3AC0160028CB69 /* Assets.xcassets in Resources */ = {isa = PBXBuildFile; fileRef = 09936A061F3AC0160028CB69 /* Assets.xcassets */; };
		09936A0A1F3AC0160028CB69 /* LaunchScreen.storyboard in Resources */ = {isa = PBXBuildFile; fileRef = 09936A081F3AC0160028CB69 /* LaunchScreen.storyboard */; };
		86480043EC2EC9592057E2A3 /* Pods_Example.framework in Frameworks */ = {isa = PBXBuildFile; fileRef = C48EA31237C2289BB1DBB8C7 /* Pods_Example.framework */; };
/* End PBXBuildFile section */

/* Begin PBXFileReference section */
		01F8E0A520439541AC952550 /* Pods-Example.release.xcconfig */ = {isa = PBXFileReference; includeInIndex = 1; lastKnownFileType = text.xcconfig; name = "Pods-Example.release.xcconfig"; path = "Pods/Target Support Files/Pods-Example/Pods-Example.release.xcconfig"; sourceTree = "<group>"; };
		099369F71F3AC0160028CB69 /* Example.app */ = {isa = PBXFileReference; explicitFileType = wrapper.application; includeInIndex = 0; path = Example.app; sourceTree = BUILT_PRODUCTS_DIR; };
		099369FB1F3AC0160028CB69 /* main.m */ = {isa = PBXFileReference; lastKnownFileType = sourcecode.c.objc; path = main.m; sourceTree = "<group>"; };
		099369FD1F3AC0160028CB69 /* AppDelegate.h */ = {isa = PBXFileReference; lastKnownFileType = sourcecode.c.h; path = AppDelegate.h; sourceTree = "<group>"; };
		099369FE1F3AC0160028CB69 /* AppDelegate.m */ = {isa = PBXFileReference; lastKnownFileType = sourcecode.c.objc; path = AppDelegate.m; sourceTree = "<group>"; };
		09936A001F3AC0160028CB69 /* ViewController.h */ = {isa = PBXFileReference; lastKnownFileType = sourcecode.c.h; path = ViewController.h; sourceTree = "<group>"; };
		09936A011F3AC0160028CB69 /* ViewController.m */ = {isa = PBXFileReference; lastKnownFileType = sourcecode.c.objc; path = ViewController.m; sourceTree = "<group>"; };
		09936A041F3AC0160028CB69 /* Base */ = {isa = PBXFileReference; lastKnownFileType = file.storyboard; name = Base; path = Base.lproj/Main.storyboard; sourceTree = "<group>"; };
		09936A061F3AC0160028CB69 /* Assets.xcassets */ = {isa = PBXFileReference; lastKnownFileType = folder.assetcatalog; path = Assets.xcassets; sourceTree = "<group>"; };
		09936A091F3AC0160028CB69 /* Base */ = {isa = PBXFileReference; lastKnownFileType = file.storyboard; name = Base; path = Base.lproj/LaunchScreen.storyboard; sourceTree = "<group>"; };
		09936A0B1F3AC0160028CB69 /* Info.plist */ = {isa = PBXFileReference; lastKnownFileType = text.plist.xml; path = Info.plist; sourceTree = "<group>"; };
		63CCE803F3207A9C495FB380 /* Pods-Example.debug.xcconfig */ = {isa = PBXFileReference; includeInIndex = 1; lastKnownFileType = text.xcconfig; name = "Pods-Example.debug.xcconfig"; path = "Pods/Target Support Files/Pods-Example/Pods-Example.debug.xcconfig"; sourceTree = "<group>"; };
		C48EA31237C2289BB1DBB8C7 /* Pods_Example.framework */ = {isa = PBXFileReference; explicitFileType = wrapper.framework; includeInIndex = 0; path = Pods_Example.framework; sourceTree = BUILT_PRODUCTS_DIR; };
/* End PBXFileReference section */

/* Begin PBXFrameworksBuildPhase section */
		099369F41F3AC0160028CB69 /* Frameworks */ = {
			isa = PBXFrameworksBuildPhase;
			buildActionMask = 2147483647;
			files = (
				86480043EC2EC9592057E2A3 /* Pods_Example.framework in Frameworks */,
			);
			runOnlyForDeploymentPostprocessing = 0;
		};
/* End PBXFrameworksBuildPhase section */

/* Begin PBXGroup section */
		099369EE1F3AC0160028CB69 = {
			isa = PBXGroup;
			children = (
				099369F91F3AC0160028CB69 /* Example */,
				099369F81F3AC0160028CB69 /* Products */,
				8987D1E002FA5F50E6AA1703 /* Pods */,
				3A54E62CCD3D062A6D3C08ED /* Frameworks */,
			);
			sourceTree = "<group>";
		};
		099369F81F3AC0160028CB69 /* Products */ = {
			isa = PBXGroup;
			children = (
				099369F71F3AC0160028CB69 /* Example.app */,
			);
			name = Products;
			sourceTree = "<group>";
		};
		099369F91F3AC0160028CB69 /* Example */ = {
			isa = PBXGroup;
			children = (
				099369FD1F3AC0160028CB69 /* AppDelegate.h */,
				099369FE1F3AC0160028CB69 /* AppDelegate.m */,
				09936A001F3AC0160028CB69 /* ViewController.h */,
				09936A011F3AC0160028CB69 /* ViewController.m */,
				09936A031F3AC0160028CB69 /* Main.storyboard */,
				09936A061F3AC0160028CB69 /* Assets.xcassets */,
				09936A081F3AC0160028CB69 /* LaunchScreen.storyboard */,
				09936A0B1F3AC0160028CB69 /* Info.plist */,
				099369FA1F3AC0160028CB69 /* Supporting Files */,
			);
			path = Example;
			sourceTree = "<group>";
		};
		099369FA1F3AC0160028CB69 /* Supporting Files */ = {
			isa = PBXGroup;
			children = (
				099369FB1F3AC0160028CB69 /* main.m */,
			);
			name = "Supporting Files";
			sourceTree = "<group>";
		};
		3A54E62CCD3D062A6D3C08ED /* Frameworks */ = {
			isa = PBXGroup;
			children = (
				C48EA31237C2289BB1DBB8C7 /* Pods_Example.framework */,
			);
			name = Frameworks;
			sourceTree = "<group>";
		};
		8987D1E002FA5F50E6AA1703 /* Pods */ = {
			isa = PBXGroup;
			children = (
				63CCE803F3207A9C495FB380 /* Pods-Example.debug.xcconfig */,
				01F8E0A520439541AC952550 /* Pods-Example.release.xcconfig */,
			);
			name = Pods;
			sourceTree = "<group>";
		};
/* End PBXGroup section */

/* Begin PBXNativeTarget section */
		099369F61F3AC0160028CB69 /* Example */ = {
			isa = PBXNativeTarget;
			buildConfigurationList = 09936A0E1F3AC0160028CB69 /* Build configuration list for PBXNativeTarget "Example" */;
			buildPhases = (
				DB900A9CEFFA70D60AB3A512 /* [CP] Check Pods Manifest.lock */,
				099369F31F3AC0160028CB69 /* Sources */,
				099369F41F3AC0160028CB69 /* Frameworks */,
				099369F51F3AC0160028CB69 /* Resources */,
				DADE4630767A091DA3DD876F /* [CP] Embed Pods Frameworks */,
				D5DF19575716DDF6EC9CC1E3 /* [CP] Copy Pods Resources */,
			);
			buildRules = (
			);
			dependencies = (
			);
			name = Example;
			productName = Example;
			productReference = 099369F71F3AC0160028CB69 /* Example.app */;
			productType = "com.apple.product-type.application";
		};
/* End PBXNativeTarget section */

/* Begin PBXProject section */
		099369EF1F3AC0160028CB69 /* Project object */ = {
			isa = PBXProject;
			attributes = {
				LastUpgradeCheck = 0830;
				ORGANIZATIONNAME = J;
				TargetAttributes = {
					099369F61F3AC0160028CB69 = {
						CreatedOnToolsVersion = 8.3.3;
						DevelopmentTeam = GLHBVKZG33;
						ProvisioningStyle = Automatic;
					};
				};
			};
			buildConfigurationList = 099369F21F3AC0160028CB69 /* Build configuration list for PBXProject "Example" */;
			compatibilityVersion = "Xcode 3.2";
			developmentRegion = English;
			hasScannedForEncodings = 0;
			knownRegions = (
				en,
				Base,
			);
			mainGroup = 099369EE1F3AC0160028CB69;
			productRefGroup = 099369F81F3AC0160028CB69 /* Products */;
			projectDirPath = "";
			projectRoot = "";
			targets = (
				099369F61F3AC0160028CB69 /* Example */,
			);
		};
/* End PBXProject section */

/* Begin PBXResourcesBuildPhase section */
		099369F51F3AC0160028CB69 /* Resources */ = {
			isa = PBXResourcesBuildPhase;
			buildActionMask = 2147483647;
			files = (
				09936A0A1F3AC0160028CB69 /* LaunchScreen.storyboard in Resources */,
				09936A071F3AC0160028CB69 /* Assets.xcassets in Resources */,
				09936A051F3AC0160028CB69 /* Main.storyboard in Resources */,
			);
			runOnlyForDeploymentPostprocessing = 0;
		};
/* End PBXResourcesBuildPhase section */

/* Begin PBXShellScriptBuildPhase section */
		D5DF19575716DDF6EC9CC1E3 /* [CP] Copy Pods Resources */ = {
			isa = PBXShellScriptBuildPhase;
			buildActionMask = 2147483647;
			files = (
			);
			inputPaths = (
			);
			name = "[CP] Copy Pods Resources";
			outputPaths = (
			);
			runOnlyForDeploymentPostprocessing = 0;
			shellPath = /bin/sh;
			shellScript = "\"${SRCROOT}/Pods/Target Support Files/Pods-Example/Pods-Example-resources.sh\"\n";
			showEnvVarsInLog = 0;
		};
		DADE4630767A091DA3DD876F /* [CP] Embed Pods Frameworks */ = {
			isa = PBXShellScriptBuildPhase;
			buildActionMask = 2147483647;
			files = (
			);
			inputPaths = (
			);
			name = "[CP] Embed Pods Frameworks";
			outputPaths = (
			);
			runOnlyForDeploymentPostprocessing = 0;
			shellPath = /bin/sh;
			shellScript = "\"${SRCROOT}/Pods/Target Support Files/Pods-Example/Pods-Example-frameworks.sh\"\n";
			showEnvVarsInLog = 0;
		};
		DB900A9CEFFA70D60AB3A512 /* [CP] Check Pods Manifest.lock */ = {
			isa = PBXShellScriptBuildPhase;
			buildActionMask = 2147483647;
			files = (
			);
			inputPaths = (
			);
			name = "[CP] Check Pods Manifest.lock";
			outputPaths = (
			);
			runOnlyForDeploymentPostprocessing = 0;
			shellPath = /bin/sh;
			shellScript = "diff \"${PODS_ROOT}/../Podfile.lock\" \"${PODS_ROOT}/Manifest.lock\" > /dev/null\nif [ $? != 0 ] ; then\n    # print error to STDERR\n    echo \"error: The sandbox is not in sync with the Podfile.lock. Run 'pod install' or update your CocoaPods installation.\" >&2\n    exit 1\nfi\n";
			showEnvVarsInLog = 0;
		};
/* End PBXShellScriptBuildPhase section */

/* Begin PBXSourcesBuildPhase section */
		099369F31F3AC0160028CB69 /* Sources */ = {
			isa = PBXSourcesBuildPhase;
			buildActionMask = 2147483647;
			files = (
				09936A021F3AC0160028CB69 /* ViewController.m in Sources */,
				099369FF1F3AC0160028CB69 /* AppDelegate.m in Sources */,
				099369FC1F3AC0160028CB69 /* main.m in Sources */,
			);
			runOnlyForDeploymentPostprocessing = 0;
		};
/* End PBXSourcesBuildPhase section */

/* Begin PBXVariantGroup section */
		09936A031F3AC0160028CB69 /* Main.storyboard */ = {
			isa = PBXVariantGroup;
			children = (
				09936A041F3AC0160028CB69 /* Base */,
			);
			name = Main.storyboard;
			sourceTree = "<group>";
		};
		09936A081F3AC0160028CB69 /* LaunchScreen.storyboard */ = {
			isa = PBXVariantGroup;
			children = (
				09936A091F3AC0160028CB69 /* Base */,
			);
			name = LaunchScreen.storyboard;
			sourceTree = "<group>";
		};
/* End PBXVariantGroup section */

/* Begin XCBuildConfiguration section */
		09936A0C1F3AC0160028CB69 /* Debug */ = {
			isa = XCBuildConfiguration;
			buildSettings = {
				ALWAYS_SEARCH_USER_PATHS = NO;
				CLANG_ANALYZER_NONNULL = YES;
				CLANG_ANALYZER_NUMBER_OBJECT_CONVERSION = YES_AGGRESSIVE;
				CLANG_CXX_LANGUAGE_STANDARD = "gnu++0x";
				CLANG_CXX_LIBRARY = "libc++";
				CLANG_ENABLE_MODULES = YES;
				CLANG_ENABLE_OBJC_ARC = YES;
				CLANG_WARN_BOOL_CONVERSION = YES;
				CLANG_WARN_CONSTANT_CONVERSION = YES;
				CLANG_WARN_DIRECT_OBJC_ISA_USAGE = YES_ERROR;
				CLANG_WARN_DOCUMENTATION_COMMENTS = YES;
				CLANG_WARN_EMPTY_BODY = YES;
				CLANG_WARN_ENUM_CONVERSION = YES;
				CLANG_WARN_INFINITE_RECURSION = YES;
				CLANG_WARN_INT_CONVERSION = YES;
				CLANG_WARN_OBJC_ROOT_CLASS = YES_ERROR;
				CLANG_WARN_SUSPICIOUS_MOVE = YES;
				CLANG_WARN_UNREACHABLE_CODE = YES;
				CLANG_WARN__DUPLICATE_METHOD_MATCH = YES;
				"CODE_SIGN_IDENTITY[sdk=iphoneos*]" = "iPhone Developer";
				COPY_PHASE_STRIP = NO;
				DEBUG_INFORMATION_FORMAT = dwarf;
				ENABLE_STRICT_OBJC_MSGSEND = YES;
				ENABLE_TESTABILITY = YES;
				GCC_C_LANGUAGE_STANDARD = gnu99;
				GCC_DYNAMIC_NO_PIC = NO;
				GCC_NO_COMMON_BLOCKS = YES;
				GCC_OPTIMIZATION_LEVEL = 0;
				GCC_PREPROCESSOR_DEFINITIONS = (
					"DEBUG=1",
					"$(inherited)",
				);
				GCC_WARN_64_TO_32_BIT_CONVERSION = YES;
				GCC_WARN_ABOUT_RETURN_TYPE = YES_ERROR;
				GCC_WARN_UNDECLARED_SELECTOR = YES;
				GCC_WARN_UNINITIALIZED_AUTOS = YES_AGGRESSIVE;
				GCC_WARN_UNUSED_FUNCTION = YES;
				GCC_WARN_UNUSED_VARIABLE = YES;
				IPHONEOS_DEPLOYMENT_TARGET = 9.0;
				MTL_ENABLE_DEBUG_INFO = YES;
				ONLY_ACTIVE_ARCH = YES;
				SDKROOT = iphoneos;
			};
			name = Debug;
		};
		09936A0D1F3AC0160028CB69 /* Release */ = {
			isa = XCBuildConfiguration;
			buildSettings = {
				ALWAYS_SEARCH_USER_PATHS = NO;
				CLANG_ANALYZER_NONNULL = YES;
				CLANG_ANALYZER_NUMBER_OBJECT_CONVERSION = YES_AGGRESSIVE;
				CLANG_CXX_LANGUAGE_STANDARD = "gnu++0x";
				CLANG_CXX_LIBRARY = "libc++";
				CLANG_ENABLE_MODULES = YES;
				CLANG_ENABLE_OBJC_ARC = YES;
				CLANG_WARN_BOOL_CONVERSION = YES;
				CLANG_WARN_CONSTANT_CONVERSION = YES;
				CLANG_WARN_DIRECT_OBJC_ISA_USAGE = YES_ERROR;
				CLANG_WARN_DOCUMENTATION_COMMENTS = YES;
				CLANG_WARN_EMPTY_BODY = YES;
				CLANG_WARN_ENUM_CONVERSION = YES;
				CLANG_WARN_INFINITE_RECURSION = YES;
				CLANG_WARN_INT_CONVERSION = YES;
				CLANG_WARN_OBJC_ROOT_CLASS = YES_ERROR;
				CLANG_WARN_SUSPICIOUS_MOVE = YES;
				CLANG_WARN_UNREACHABLE_CODE = YES;
				CLANG_WARN__DUPLICATE_METHOD_MATCH = YES;
				"CODE_SIGN_IDENTITY[sdk=iphoneos*]" = "iPhone Developer";
				COPY_PHASE_STRIP = NO;
				DEBUG_INFORMATION_FORMAT = "dwarf-with-dsym";
				ENABLE_NS_ASSERTIONS = NO;
				ENABLE_STRICT_OBJC_MSGSEND = YES;
				GCC_C_LANGUAGE_STANDARD = gnu99;
				GCC_NO_COMMON_BLOCKS = YES;
				GCC_WARN_64_TO_32_BIT_CONVERSION = YES;
				GCC_WARN_ABOUT_RETURN_TYPE = YES_ERROR;
				GCC_WARN_UNDECLARED_SELECTOR = YES;
				GCC_WARN_UNINITIALIZED_AUTOS = YES_AGGRESSIVE;
				GCC_WARN_UNUSED_FUNCTION = YES;
				GCC_WARN_UNUSED_VARIABLE = YES;
				IPHONEOS_DEPLOYMENT_TARGET = 9.0;
				MTL_ENABLE_DEBUG_INFO = NO;
				SDKROOT = iphoneos;
				VALIDATE_PRODUCT = YES;
			};
			name = Release;
		};
		09936A0F1F3AC0160028CB69 /* Debug */ = {
			isa = XCBuildConfiguration;
			baseConfigurationReference = 63CCE803F3207A9C495FB380 /* Pods-Example.debug.xcconfig */;
			buildSettings = {
				ASSETCATALOG_COMPILER_APPICON_NAME = AppIcon;
				DEVELOPMENT_TEAM = GLHBVKZG33;
				INFOPLIST_FILE = Example/Info.plist;
				LD_RUNPATH_SEARCH_PATHS = "$(inherited) @executable_path/Frameworks";
				PRODUCT_BUNDLE_IDENTIFIER = com.king.Example;
				PRODUCT_NAME = "$(TARGET_NAME)";
			};
			name = Debug;
		};
		09936A101F3AC0160028CB69 /* Release */ = {
			isa = XCBuildConfiguration;
			baseConfigurationReference = 01F8E0A520439541AC952550 /* Pods-Example.release.xcconfig */;
			buildSettings = {
				ASSETCATALOG_COMPILER_APPICON_NAME = AppIcon;
				DEVELOPMENT_TEAM = GLHBVKZG33;
				INFOPLIST_FILE = Example/Info.plist;
				LD_RUNPATH_SEARCH_PATHS = "$(inherited) @executable_path/Frameworks";
				PRODUCT_BUNDLE_IDENTIFIER = com.king.Example;
				PRODUCT_NAME = "$(TARGET_NAME)";
			};
			name = Release;
		};
/* End XCBuildConfiguration section */

/* Begin XCConfigurationList section */
		099369F21F3AC0160028CB69 /* Build configuration list for PBXProject "Example" */ = {
			isa = XCConfigurationList;
			buildConfigurations = (
				09936A0C1F3AC0160028CB69 /* Debug */,
				09936A0D1F3AC0160028CB69 /* Release */,
			);
			defaultConfigurationIsVisible = 0;
			defaultConfigurationName = Release;
		};
		09936A0E1F3AC0160028CB69 /* Build configuration list for PBXNativeTarget "Example" */ = {
			isa = XCConfigurationList;
			buildConfigurations = (
				09936A0F1F3AC0160028CB69 /* Debug */,
				09936A101F3AC0160028CB69 /* Release */,
			);
			defaultConfigurationIsVisible = 0;
			defaultConfigurationName = Release;
		};
/* End XCConfigurationList section */
	};
	rootObject = 099369EF1F3AC0160028CB69 /* Project object */;
}
